// !$*UTF8*$!
{
	archiveVersion = 1;
	classes = {
	};
	objectVersion = 46;
	objects = {

/* Begin PBXBuildFile section */
		15204B261D434A16001E7FEF /* AppDelegate.swift in Sources */ = {isa = PBXBuildFile; fileRef = 15204B251D434A16001E7FEF /* AppDelegate.swift */; };
		15204B281D434A16001E7FEF /* ViewController.swift in Sources */ = {isa = PBXBuildFile; fileRef = 15204B271D434A16001E7FEF /* ViewController.swift */; };
		15204B2B1D434A17001E7FEF /* Main.storyboard in Resources */ = {isa = PBXBuildFile; fileRef = 15204B291D434A17001E7FEF /* Main.storyboard */; };
		15204B2D1D434A17001E7FEF /* Assets.xcassets in Resources */ = {isa = PBXBuildFile; fileRef = 15204B2C1D434A17001E7FEF /* Assets.xcassets */; };
		15204B301D434A17001E7FEF /* LaunchScreen.storyboard in Resources */ = {isa = PBXBuildFile; fileRef = 15204B2E1D434A17001E7FEF /* LaunchScreen.storyboard */; };
/* End PBXBuildFile section */

/* Begin PBXFileReference section */
		15204B221D434A16001E7FEF /* penguinRun.app */ = {isa = PBXFileReference; explicitFileType = wrapper.application; includeInIndex = 0; path = penguinRun.app; sourceTree = BUILT_PRODUCTS_DIR; };
		15204B251D434A16001E7FEF /* AppDelegate.swift */ = {isa = PBXFileReference; lastKnownFileType = sourcecode.swift; path = AppDelegate.swift; sourceTree = "<group>"; };
		15204B271D434A16001E7FEF /* ViewController.swift */ = {isa = PBXFileReference; lastKnownFileType = sourcecode.swift; path = ViewController.swift; sourceTree = "<group>"; };
		15204B2A1D434A17001E7FEF /* Base */ = {isa = PBXFileReference; lastKnownFileType = file.storyboard; name = Base; path = Base.lproj/Main.storyboard; sourceTree = "<group>"; };
		15204B2C1D434A17001E7FEF /* Assets.xcassets */ = {isa = PBXFileReference; lastKnownFileType = folder.assetcatalog; path = Assets.xcassets; sourceTree = "<group>"; };
		15204B2F1D434A17001E7FEF /* Base */ = {isa = PBXFileReference; lastKnownFileType = file.storyboard; name = Base; path = Base.lproj/LaunchScreen.storyboard; sourceTree = "<group>"; };
		15204B311D434A17001E7FEF /* Info.plist */ = {isa = PBXFileReference; lastKnownFileType = text.plist.xml; path = Info.plist; sourceTree = "<group>"; };
/* End PBXFileReference section */

/* Begin PBXFrameworksBuildPhase section */
		15204B1F1D434A16001E7FEF /* Frameworks */ = {
			isa = PBXFrameworksBuildPhase;
			buildActionMask = 2147483647;
			files = (
			);
			runOnlyForDeploymentPostprocessing = 0;
		};
/* End PBXFrameworksBuildPhase section */

/* Begin PBXGroup section */
		15204B191D434A16001E7FEF = {
			isa = PBXGroup;
			children = (
				15204B241D434A16001E7FEF /* penguinRun */,
				15204B231D434A16001E7FEF /* Products */,
			);
			sourceTree = "<group>";
		};
		15204B231D434A16001E7FEF /* Products */ = {
			isa = PBXGroup;
			children = (
				15204B221D434A16001E7FEF /* penguinRun.app */,
			);
			name = Products;
			sourceTree = "<group>";
		};
		15204B241D434A16001E7FEF /* penguinRun */ = {
			isa = PBXGroup;
			children = (
				15204B251D434A16001E7FEF /* AppDelegate.swift */,
				15204B271D434A16001E7FEF /* ViewController.swift */,
				15204B291D434A17001E7FEF /* Main.storyboard */,
				15204B2C1D434A17001E7FEF /* Assets.xcassets */,
				15204B2E1D434A17001E7FEF /* LaunchScreen.storyboard */,
				15204B311D434A17001E7FEF /* Info.plist */,
			);
			path = penguinRun;
			sourceTree = "<group>";
		};
/* End PBXGroup section */

/* Begin PBXNativeTarget section */
		15204B211D434A16001E7FEF /* penguinRun */ = {
			isa = PBXNativeTarget;
			buildConfigurationList = 15204B341D434A17001E7FEF /* Build configuration list for PBXNativeTarget "penguinRun" */;
			buildPhases = (
				15204B1E1D434A16001E7FEF /* Sources */,
				15204B1F1D434A16001E7FEF /* Frameworks */,
				15204B201D434A16001E7FEF /* Resources */,
			);
			buildRules = (
			);
			dependencies = (
			);
			name = penguinRun;
			productName = penguinRun;
			productReference = 15204B221D434A16001E7FEF /* penguinRun.app */;
			productType = "com.apple.product-type.application";
		};
/* End PBXNativeTarget section */

/* Begin PBXProject section */
		15204B1A1D434A16001E7FEF /* Project object */ = {
			isa = PBXProject;
			attributes = {
				LastSwiftUpdateCheck = 0720;
				LastUpgradeCheck = 0720;
				ORGANIZATIONNAME = Dariel;
				TargetAttributes = {
					15204B211D434A16001E7FEF = {
						CreatedOnToolsVersion = 7.2.1;
					};
				};
			};
			buildConfigurationList = 15204B1D1D434A16001E7FEF /* Build configuration list for PBXProject "penguinRun" */;
			compatibilityVersion = "Xcode 3.2";
			developmentRegion = English;
			hasScannedForEncodings = 0;
			knownRegions = (
				en,
				Base,
			);
			mainGroup = 15204B191D434A16001E7FEF;
			productRefGroup = 15204B231D434A16001E7FEF /* Products */;
			projectDirPath = "";
			projectRoot = "";
			targets = (
				15204B211D434A16001E7FEF /* penguinRun */,
			);
		};
/* End PBXProject section */

/* Begin PBXResourcesBuildPhase section */
		15204B201D434A16001E7FEF /* Resources */ = {
			isa = PBXResourcesBuildPhase;
			buildActionMask = 2147483647;
			files = (
				15204B301D434A17001E7FEF /* LaunchScreen.storyboard in Resources */,
				15204B2D1D434A17001E7FEF /* Assets.xcassets in Resources */,
				15204B2B1D434A17001E7FEF /* Main.storyboard in Resources */,
			);
			runOnlyForDeploymentPostprocessing = 0;
		};
/* End PBXResourcesBuildPhase section */

/* Begin PBXSourcesBuildPhase section */
		15204B1E1D434A16001E7FEF /* Sources */ = {
			isa = PBXSourcesBuildPhase;
			buildActionMask = 2147483647;
			files = (
				15204B281D434A16001E7FEF /* ViewController.swift in Sources */,
				15204B261D434A16001E7FEF /* AppDelegate.swift in Sources */,
			);
			runOnlyForDeploymentPostprocessing = 0;
		};
/* End PBXSourcesBuildPhase section */

/* Begin PBXVariantGroup section */
		15204B291D434A17001E7FEF /* Main.storyboard */ = {
			isa = PBXVariantGroup;
			children = (
				15204B2A1D434A17001E7FEF /* Base */,
			);
			name = Main.storyboard;
			sourceTree = "<group>";
		};
		15204B2E1D434A17001E7FEF /* LaunchScreen.storyboard */ = {
			isa = PBXVariantGroup;
			children = (
				15204B2F1D434A17001E7FEF /* Base */,
			);
			name = LaunchScreen.storyboard;
			sourceTree = "<group>";
		};
/* End PBXVariantGroup section */

/* Begin XCBuildConfiguration section */
		15204B321D434A17001E7FEF /* Debug */ = {
			isa = XCBuildConfiguration;
			buildSettings = {
				ALWAYS_SEARCH_USER_PATHS = NO;
				CLANG_CXX_LANGUAGE_STANDARD = "gnu++0x";
				CLANG_CXX_LIBRARY = "libc++";
				CLANG_ENABLE_MODULES = YES;
				CLANG_ENABLE_OBJC_ARC = YES;
				CLANG_WARN_BOOL_CONVERSION = YES;
				CLANG_WARN_CONSTANT_CONVERSION = YES;
				CLANG_WARN_DIRECT_OBJC_ISA_USAGE = YES_ERROR;
				CLANG_WARN_EMPTY_BODY = YES;
				CLANG_WARN_ENUM_CONVERSION = YES;
				CLANG_WARN_INT_CONVERSION = YES;
				CLANG_WARN_OBJC_ROOT_CLASS = YES_ERROR;
				CLANG_WARN_UNREACHABLE_CODE = YES;
				CLANG_WARN__DUPLICATE_METHOD_MATCH = YES;
				"CODE_SIGN_IDENTITY[sdk=iphoneos*]" = "iPhone Developer";
				COPY_PHASE_STRIP = NO;
				DEBUG_INFORMATION_FORMAT = dwarf;
				ENABLE_STRICT_OBJC_MSGSEND = YES;
				ENABLE_TESTABILITY = YES;
				GCC_C_LANGUAGE_STANDARD = gnu99;
				GCC_DYNAMIC_NO_PIC = NO;
				GCC_NO_COMMON_BLOCKS = YES;
				GCC_OPTIMIZATION_LEVEL = 0;
				GCC_PREPROCESSOR_DEFINITIONS = (
					"DEBUG=1",
					"$(inherited)",
				);
				GCC_WARN_64_TO_32_BIT_CONVERSION = YES;
				GCC_WARN_ABOUT_RETURN_TYPE = YES_ERROR;
				GCC_WARN_UNDECLARED_SELECTOR = YES;
				GCC_WARN_UNINITIALIZED_AUTOS = YES_AGGRESSIVE;
				GCC_WARN_UNUSED_FUNCTION = YES;
				GCC_WARN_UNUSED_VARIABLE = YES;
				IPHONEOS_DEPLOYMENT_TARGET = 9.2;
				MTL_ENABLE_DEBUG_INFO = YES;
				ONLY_ACTIVE_ARCH = YES;
				SDKROOT = iphoneos;
				SWIFT_OPTIMIZATION_LEVEL = "-Onone";
			};
			name = Debug;
		};
		15204B331D434A17001E7FEF /* Release */ = {
			isa = XCBuildConfiguration;
			buildSettings = {
				ALWAYS_SEARCH_USER_PATHS = NO;
				CLANG_CXX_LANGUAGE_STANDARD = "gnu++0x";
				CLANG_CXX_LIBRARY = "libc++";
				CLANG_ENABLE_MODULES = YES;
				CLANG_ENABLE_OBJC_ARC = YES;
				CLANG_WARN_BOOL_CONVERSION = YES;
				CLANG_WARN_CONSTANT_CONVERSION = YES;
				CLANG_WARN_DIRECT_OBJC_ISA_USAGE = YES_ERROR;
				CLANG_WARN_EMPTY_BODY = YES;
				CLANG_WARN_ENUM_CONVERSION = YES;
				CLANG_WARN_INT_CONVERSION = YES;
				CLANG_WARN_OBJC_ROOT_CLASS = YES_ERROR;
				CLANG_WARN_UNREACHABLE_CODE = YES;
				CLANG_WARN__DUPLICATE_METHOD_MATCH = YES;
				"CODE_SIGN_IDENTITY[sdk=iphoneos*]" = "iPhone Developer";
				COPY_PHASE_STRIP = NO;
				DEBUG_INFORMATION_FORMAT = "dwarf-with-dsym";
				ENABLE_NS_ASSERTIONS = NO;
				ENABLE_STRICT_OBJC_MSGSEND = YES;
				GCC_C_LANGUAGE_STANDARD = gnu99;
				GCC_NO_COMMON_BLOCKS = YES;
				GCC_WARN_64_TO_32_BIT_CONVERSION = YES;
				GCC_WARN_ABOUT_RETURN_TYPE = YES_ERROR;
				GCC_WARN_UNDECLARED_SELECTOR = YES;
				GCC_WARN_UNINITIALIZED_AUTOS = YES_AGGRESSIVE;
				GCC_WARN_UNUSED_FUNCTION = YES;
				GCC_WARN_UNUSED_VARIABLE = YES;
				IPHONEOS_DEPLOYMENT_TARGET = 9.2;
				MTL_ENABLE_DEBUG_INFO = NO;
				SDKROOT = iphoneos;
				VALIDATE_PRODUCT = YES;
			};
			name = Release;
		};
		15204B351D434A17001E7FEF /* Debug */ = {
			isa = XCBuildConfiguration;
			buildSettings = {
				ASSETCATALOG_COMPILER_APPICON_NAME = AppIcon;
				INFOPLIST_FILE = penguinRun/Info.plist;
				LD_RUNPATH_SEARCH_PATHS = "$(inherited) @executable_path/Frameworks";
				PRODUCT_BUNDLE_IDENTIFIER = io.github.DarielChen.penguinRun;
				PRODUCT_NAME = "$(TARGET_NAME)";
			};
			name = Debug;
		};
		15204B361D434A17001E7FEF /* Release */ = {
			isa = XCBuildConfiguration;
			buildSettings = {
				ASSETCATALOG_COMPILER_APPICON_NAME = AppIcon;
				INFOPLIST_FILE = penguinRun/Info.plist;
				LD_RUNPATH_SEARCH_PATHS = "$(inherited) @executable_path/Frameworks";
				PRODUCT_BUNDLE_IDENTIFIER = io.github.DarielChen.penguinRun;
				PRODUCT_NAME = "$(TARGET_NAME)";
			};
			name = Release;
		};
/* End XCBuildConfiguration section */

/* Begin XCConfigurationList section */
		15204B1D1D434A16001E7FEF /* Build configuration list for PBXProject "penguinRun" */ = {
			isa = XCConfigurationList;
			buildConfigurations = (
				15204B321D434A17001E7FEF /* Debug */,
				15204B331D434A17001E7FEF /* Release */,
			);
			defaultConfigurationIsVisible = 0;
			defaultConfigurationName = Release;
		};
		15204B341D434A17001E7FEF /* Build configuration list for PBXNativeTarget "penguinRun" */ = {
			isa = XCConfigurationList;
			buildConfigurations = (
				15204B351D434A17001E7FEF /* Debug */,
				15204B361D434A17001E7FEF /* Release */,
			);
			defaultConfigurationIsVisible = 0;
			defaultConfigurationName = Release;
		};
/* End XCConfigurationList section */
	};
	rootObject = 15204B1A1D434A16001E7FEF /* Project object */;
}
