// !$*UTF8*$!
{
	archiveVersion = 1;
	classes = {
	};
	objectVersion = 46;
	objects = {

/* Begin PBXBuildFile section */
		15DE405E1D11A9D8000D3299 /* AppDelegate.swift in Sources */ = {isa = PBXBuildFile; fileRef = 15DE405D1D11A9D8000D3299 /* AppDelegate.swift */; };
		15DE40601D11A9D8000D3299 /* ViewController.swift in Sources */ = {isa = PBXBuildFile; fileRef = 15DE405F1D11A9D8000D3299 /* ViewController.swift */; };
		15DE40631D11A9D8000D3299 /* Main.storyboard in Resources */ = {isa = PBXBuildFile; fileRef = 15DE40611D11A9D8000D3299 /* Main.storyboard */; };
		15DE40651D11A9D8000D3299 /* Assets.xcassets in Resources */ = {isa = PBXBuildFile; fileRef = 15DE40641D11A9D8000D3299 /* Assets.xcassets */; };
		15DE40681D11A9D8000D3299 /* LaunchScreen.storyboard in Resources */ = {isa = PBXBuildFile; fileRef = 15DE40661D11A9D8000D3299 /* LaunchScreen.storyboard */; };
/* End PBXBuildFile section */

/* Begin PBXFileReference section */
		15DE405A1D11A9D7000D3299 /* layer.app */ = {isa = PBXFileReference; explicitFileType = wrapper.application; includeInIndex = 0; path = layer.app; sourceTree = BUILT_PRODUCTS_DIR; };
		15DE405D1D11A9D8000D3299 /* AppDelegate.swift */ = {isa = PBXFileReference; lastKnownFileType = sourcecode.swift; path = AppDelegate.swift; sourceTree = "<group>"; };
		15DE405F1D11A9D8000D3299 /* ViewController.swift */ = {isa = PBXFileReference; lastKnownFileType = sourcecode.swift; path = ViewController.swift; sourceTree = "<group>"; };
		15DE40621D11A9D8000D3299 /* Base */ = {isa = PBXFileReference; lastKnownFileType = file.storyboard; name = Base; path = Base.lproj/Main.storyboard; sourceTree = "<group>"; };
		15DE40641D11A9D8000D3299 /* Assets.xcassets */ = {isa = PBXFileReference; lastKnownFileType = folder.assetcatalog; path = Assets.xcassets; sourceTree = "<group>"; };
		15DE40671D11A9D8000D3299 /* Base */ = {isa = PBXFileReference; lastKnownFileType = file.storyboard; name = Base; path = Base.lproj/LaunchScreen.storyboard; sourceTree = "<group>"; };
		15DE40691D11A9D8000D3299 /* Info.plist */ = {isa = PBXFileReference; lastKnownFileType = text.plist.xml; path = Info.plist; sourceTree = "<group>"; };
/* End PBXFileReference section */

/* Begin PBXFrameworksBuildPhase section */
		15DE40571D11A9D7000D3299 /* Frameworks */ = {
			isa = PBXFrameworksBuildPhase;
			buildActionMask = 2147483647;
			files = (
			);
			runOnlyForDeploymentPostprocessing = 0;
		};
/* End PBXFrameworksBuildPhase section */

/* Begin PBXGroup section */
		15DE40511D11A9D7000D3299 = {
			isa = PBXGroup;
			children = (
				15DE405C1D11A9D7000D3299 /* layer */,
				15DE405B1D11A9D7000D3299 /* Products */,
			);
			sourceTree = "<group>";
		};
		15DE405B1D11A9D7000D3299 /* Products */ = {
			isa = PBXGroup;
			children = (
				15DE405A1D11A9D7000D3299 /* layer.app */,
			);
			name = Products;
			sourceTree = "<group>";
		};
		15DE405C1D11A9D7000D3299 /* layer */ = {
			isa = PBXGroup;
			children = (
				15DE405D1D11A9D8000D3299 /* AppDelegate.swift */,
				15DE405F1D11A9D8000D3299 /* ViewController.swift */,
				15DE40611D11A9D8000D3299 /* Main.storyboard */,
				15DE40641D11A9D8000D3299 /* Assets.xcassets */,
				15DE40661D11A9D8000D3299 /* LaunchScreen.storyboard */,
				15DE40691D11A9D8000D3299 /* Info.plist */,
			);
			path = layer;
			sourceTree = "<group>";
		};
/* End PBXGroup section */

/* Begin PBXNativeTarget section */
		15DE40591D11A9D7000D3299 /* layer */ = {
			isa = PBXNativeTarget;
			buildConfigurationList = 15DE406C1D11A9D8000D3299 /* Build configuration list for PBXNativeTarget "layer" */;
			buildPhases = (
				15DE40561D11A9D7000D3299 /* Sources */,
				15DE40571D11A9D7000D3299 /* Frameworks */,
				15DE40581D11A9D7000D3299 /* Resources */,
			);
			buildRules = (
			);
			dependencies = (
			);
			name = layer;
			productName = layer;
			productReference = 15DE405A1D11A9D7000D3299 /* layer.app */;
			productType = "com.apple.product-type.application";
		};
/* End PBXNativeTarget section */

/* Begin PBXProject section */
		15DE40521D11A9D7000D3299 /* Project object */ = {
			isa = PBXProject;
			attributes = {
				LastSwiftUpdateCheck = 0720;
				LastUpgradeCheck = 0720;
				ORGANIZATIONNAME = Dariel;
				TargetAttributes = {
					15DE40591D11A9D7000D3299 = {
						CreatedOnToolsVersion = 7.2.1;
					};
				};
			};
			buildConfigurationList = 15DE40551D11A9D7000D3299 /* Build configuration list for PBXProject "layer" */;
			compatibilityVersion = "Xcode 3.2";
			developmentRegion = English;
			hasScannedForEncodings = 0;
			knownRegions = (
				en,
				Base,
			);
			mainGroup = 15DE40511D11A9D7000D3299;
			productRefGroup = 15DE405B1D11A9D7000D3299 /* Products */;
			projectDirPath = "";
			projectRoot = "";
			targets = (
				15DE40591D11A9D7000D3299 /* layer */,
			);
		};
/* End PBXProject section */

/* Begin PBXResourcesBuildPhase section */
		15DE40581D11A9D7000D3299 /* Resources */ = {
			isa = PBXResourcesBuildPhase;
			buildActionMask = 2147483647;
			files = (
				15DE40681D11A9D8000D3299 /* LaunchScreen.storyboard in Resources */,
				15DE40651D11A9D8000D3299 /* Assets.xcassets in Resources */,
				15DE40631D11A9D8000D3299 /* Main.storyboard in Resources */,
			);
			runOnlyForDeploymentPostprocessing = 0;
		};
/* End PBXResourcesBuildPhase section */

/* Begin PBXSourcesBuildPhase section */
		15DE40561D11A9D7000D3299 /* Sources */ = {
			isa = PBXSourcesBuildPhase;
			buildActionMask = 2147483647;
			files = (
				15DE40601D11A9D8000D3299 /* ViewController.swift in Sources */,
				15DE405E1D11A9D8000D3299 /* AppDelegate.swift in Sources */,
			);
			runOnlyForDeploymentPostprocessing = 0;
		};
/* End PBXSourcesBuildPhase section */

/* Begin PBXVariantGroup section */
		15DE40611D11A9D8000D3299 /* Main.storyboard */ = {
			isa = PBXVariantGroup;
			children = (
				15DE40621D11A9D8000D3299 /* Base */,
			);
			name = Main.storyboard;
			sourceTree = "<group>";
		};
		15DE40661D11A9D8000D3299 /* LaunchScreen.storyboard */ = {
			isa = PBXVariantGroup;
			children = (
				15DE40671D11A9D8000D3299 /* Base */,
			);
			name = LaunchScreen.storyboard;
			sourceTree = "<group>";
		};
/* End PBXVariantGroup section */

/* Begin XCBuildConfiguration section */
		15DE406A1D11A9D8000D3299 /* Debug */ = {
			isa = XCBuildConfiguration;
			buildSettings = {
				ALWAYS_SEARCH_USER_PATHS = NO;
				CLANG_CXX_LANGUAGE_STANDARD = "gnu++0x";
				CLANG_CXX_LIBRARY = "libc++";
				CLANG_ENABLE_MODULES = YES;
				CLANG_ENABLE_OBJC_ARC = YES;
				CLANG_WARN_BOOL_CONVERSION = YES;
				CLANG_WARN_CONSTANT_CONVERSION = YES;
				CLANG_WARN_DIRECT_OBJC_ISA_USAGE = YES_ERROR;
				CLANG_WARN_EMPTY_BODY = YES;
				CLANG_WARN_ENUM_CONVERSION = YES;
				CLANG_WARN_INT_CONVERSION = YES;
				CLANG_WARN_OBJC_ROOT_CLASS = YES_ERROR;
				CLANG_WARN_UNREACHABLE_CODE = YES;
				CLANG_WARN__DUPLICATE_METHOD_MATCH = YES;
				"CODE_SIGN_IDENTITY[sdk=iphoneos*]" = "iPhone Developer";
				COPY_PHASE_STRIP = NO;
				DEBUG_INFORMATION_FORMAT = dwarf;
				ENABLE_STRICT_OBJC_MSGSEND = YES;
				ENABLE_TESTABILITY = YES;
				GCC_C_LANGUAGE_STANDARD = gnu99;
				GCC_DYNAMIC_NO_PIC = NO;
				GCC_NO_COMMON_BLOCKS = YES;
				GCC_OPTIMIZATION_LEVEL = 0;
				GCC_PREPROCESSOR_DEFINITIONS = (
					"DEBUG=1",
					"$(inherited)",
				);
				GCC_WARN_64_TO_32_BIT_CONVERSION = YES;
				GCC_WARN_ABOUT_RETURN_TYPE = YES_ERROR;
				GCC_WARN_UNDECLARED_SELECTOR = YES;
				GCC_WARN_UNINITIALIZED_AUTOS = YES_AGGRESSIVE;
				GCC_WARN_UNUSED_FUNCTION = YES;
				GCC_WARN_UNUSED_VARIABLE = YES;
				IPHONEOS_DEPLOYMENT_TARGET = 9.2;
				MTL_ENABLE_DEBUG_INFO = YES;
				ONLY_ACTIVE_ARCH = YES;
				SDKROOT = iphoneos;
				SWIFT_OPTIMIZATION_LEVEL = "-Onone";
			};
			name = Debug;
		};
		15DE406B1D11A9D8000D3299 /* Release */ = {
			isa = XCBuildConfiguration;
			buildSettings = {
				ALWAYS_SEARCH_USER_PATHS = NO;
				CLANG_CXX_LANGUAGE_STANDARD = "gnu++0x";
				CLANG_CXX_LIBRARY = "libc++";
				CLANG_ENABLE_MODULES = YES;
				CLANG_ENABLE_OBJC_ARC = YES;
				CLANG_WARN_BOOL_CONVERSION = YES;
				CLANG_WARN_CONSTANT_CONVERSION = YES;
				CLANG_WARN_DIRECT_OBJC_ISA_USAGE = YES_ERROR;
				CLANG_WARN_EMPTY_BODY = YES;
				CLANG_WARN_ENUM_CONVERSION = YES;
				CLANG_WARN_INT_CONVERSION = YES;
				CLANG_WARN_OBJC_ROOT_CLASS = YES_ERROR;
				CLANG_WARN_UNREACHABLE_CODE = YES;
				CLANG_WARN__DUPLICATE_METHOD_MATCH = YES;
				"CODE_SIGN_IDENTITY[sdk=iphoneos*]" = "iPhone Developer";
				COPY_PHASE_STRIP = NO;
				DEBUG_INFORMATION_FORMAT = "dwarf-with-dsym";
				ENABLE_NS_ASSERTIONS = NO;
				ENABLE_STRICT_OBJC_MSGSEND = YES;
				GCC_C_LANGUAGE_STANDARD = gnu99;
				GCC_NO_COMMON_BLOCKS = YES;
				GCC_WARN_64_TO_32_BIT_CONVERSION = YES;
				GCC_WARN_ABOUT_RETURN_TYPE = YES_ERROR;
				GCC_WARN_UNDECLARED_SELECTOR = YES;
				GCC_WARN_UNINITIALIZED_AUTOS = YES_AGGRESSIVE;
				GCC_WARN_UNUSED_FUNCTION = YES;
				GCC_WARN_UNUSED_VARIABLE = YES;
				IPHONEOS_DEPLOYMENT_TARGET = 9.2;
				MTL_ENABLE_DEBUG_INFO = NO;
				SDKROOT = iphoneos;
				VALIDATE_PRODUCT = YES;
			};
			name = Release;
		};
		15DE406D1D11A9D8000D3299 /* Debug */ = {
			isa = XCBuildConfiguration;
			buildSettings = {
				ASSETCATALOG_COMPILER_APPICON_NAME = AppIcon;
				INFOPLIST_FILE = layer/Info.plist;
				LD_RUNPATH_SEARCH_PATHS = "$(inherited) @executable_path/Frameworks";
				PRODUCT_BUNDLE_IDENTIFIER = io.github.DarielChen.layer;
				PRODUCT_NAME = "$(TARGET_NAME)";
			};
			name = Debug;
		};
		15DE406E1D11A9D8000D3299 /* Release */ = {
			isa = XCBuildConfiguration;
			buildSettings = {
				ASSETCATALOG_COMPILER_APPICON_NAME = AppIcon;
				INFOPLIST_FILE = layer/Info.plist;
				LD_RUNPATH_SEARCH_PATHS = "$(inherited) @executable_path/Frameworks";
				PRODUCT_BUNDLE_IDENTIFIER = io.github.DarielChen.layer;
				PRODUCT_NAME = "$(TARGET_NAME)";
			};
			name = Release;
		};
/* End XCBuildConfiguration section */

/* Begin XCConfigurationList section */
		15DE40551D11A9D7000D3299 /* Build configuration list for PBXProject "layer" */ = {
			isa = XCConfigurationList;
			buildConfigurations = (
				15DE406A1D11A9D8000D3299 /* Debug */,
				15DE406B1D11A9D8000D3299 /* Release */,
			);
			defaultConfigurationIsVisible = 0;
			defaultConfigurationName = Release;
		};
		15DE406C1D11A9D8000D3299 /* Build configuration list for PBXNativeTarget "layer" */ = {
			isa = XCConfigurationList;
			buildConfigurations = (
				15DE406D1D11A9D8000D3299 /* Debug */,
				15DE406E1D11A9D8000D3299 /* Release */,
			);
			defaultConfigurationIsVisible = 0;
		};
/* End XCConfigurationList section */
	};
	rootObject = 15DE40521D11A9D7000D3299 /* Project object */;
}
