// !$*UTF8*$!
{
	archiveVersion = 1;
	classes = {
	};
	objectVersion = 46;
	objects = {

/* Begin PBXBuildFile section */
		15CE970D1D193BA000197506 /* AppDelegate.swift in Sources */ = {isa = PBXBuildFile; fileRef = 15CE970C1D193BA000197506 /* AppDelegate.swift */; };
		15CE970F1D193BA000197506 /* ViewController.swift in Sources */ = {isa = PBXBuildFile; fileRef = 15CE970E1D193BA000197506 /* ViewController.swift */; };
		15CE97121D193BA000197506 /* Main.storyboard in Resources */ = {isa = PBXBuildFile; fileRef = 15CE97101D193BA000197506 /* Main.storyboard */; };
		15CE97141D193BA000197506 /* Assets.xcassets in Resources */ = {isa = PBXBuildFile; fileRef = 15CE97131D193BA000197506 /* Assets.xcassets */; };
		15CE97171D193BA000197506 /* LaunchScreen.storyboard in Resources */ = {isa = PBXBuildFile; fileRef = 15CE97151D193BA000197506 /* LaunchScreen.storyboard */; };
		15CE971F1D193BF300197506 /* AvatarView.swift in Sources */ = {isa = PBXBuildFile; fileRef = 15CE971E1D193BF300197506 /* AvatarView.swift */; };
/* End PBXBuildFile section */

/* Begin PBXFileReference section */
		15CE97091D193BA000197506 /* ShapeMask.app */ = {isa = PBXFileReference; explicitFileType = wrapper.application; includeInIndex = 0; path = ShapeMask.app; sourceTree = BUILT_PRODUCTS_DIR; };
		15CE970C1D193BA000197506 /* AppDelegate.swift */ = {isa = PBXFileReference; lastKnownFileType = sourcecode.swift; path = AppDelegate.swift; sourceTree = "<group>"; };
		15CE970E1D193BA000197506 /* ViewController.swift */ = {isa = PBXFileReference; lastKnownFileType = sourcecode.swift; path = ViewController.swift; sourceTree = "<group>"; };
		15CE97111D193BA000197506 /* Base */ = {isa = PBXFileReference; lastKnownFileType = file.storyboard; name = Base; path = Base.lproj/Main.storyboard; sourceTree = "<group>"; };
		15CE97131D193BA000197506 /* Assets.xcassets */ = {isa = PBXFileReference; lastKnownFileType = folder.assetcatalog; path = Assets.xcassets; sourceTree = "<group>"; };
		15CE97161D193BA000197506 /* Base */ = {isa = PBXFileReference; lastKnownFileType = file.storyboard; name = Base; path = Base.lproj/LaunchScreen.storyboard; sourceTree = "<group>"; };
		15CE97181D193BA000197506 /* Info.plist */ = {isa = PBXFileReference; lastKnownFileType = text.plist.xml; path = Info.plist; sourceTree = "<group>"; };
		15CE971E1D193BF300197506 /* AvatarView.swift */ = {isa = PBXFileReference; fileEncoding = 4; lastKnownFileType = sourcecode.swift; path = AvatarView.swift; sourceTree = "<group>"; };
/* End PBXFileReference section */

/* Begin PBXFrameworksBuildPhase section */
		15CE97061D193BA000197506 /* Frameworks */ = {
			isa = PBXFrameworksBuildPhase;
			buildActionMask = 2147483647;
			files = (
			);
			runOnlyForDeploymentPostprocessing = 0;
		};
/* End PBXFrameworksBuildPhase section */

/* Begin PBXGroup section */
		15CE97001D193BA000197506 = {
			isa = PBXGroup;
			children = (
				15CE970B1D193BA000197506 /* ShapeMask */,
				15CE970A1D193BA000197506 /* Products */,
			);
			sourceTree = "<group>";
		};
		15CE970A1D193BA000197506 /* Products */ = {
			isa = PBXGroup;
			children = (
				15CE97091D193BA000197506 /* ShapeMask.app */,
			);
			name = Products;
			sourceTree = "<group>";
		};
		15CE970B1D193BA000197506 /* ShapeMask */ = {
			isa = PBXGroup;
			children = (
				15CE970C1D193BA000197506 /* AppDelegate.swift */,
				15CE970E1D193BA000197506 /* ViewController.swift */,
				15CE971E1D193BF300197506 /* AvatarView.swift */,
				15CE97101D193BA000197506 /* Main.storyboard */,
				15CE97131D193BA000197506 /* Assets.xcassets */,
				15CE97151D193BA000197506 /* LaunchScreen.storyboard */,
				15CE97181D193BA000197506 /* Info.plist */,
			);
			path = ShapeMask;
			sourceTree = "<group>";
		};
/* End PBXGroup section */

/* Begin PBXNativeTarget section */
		15CE97081D193BA000197506 /* ShapeMask */ = {
			isa = PBXNativeTarget;
			buildConfigurationList = 15CE971B1D193BA000197506 /* Build configuration list for PBXNativeTarget "ShapeMask" */;
			buildPhases = (
				15CE97051D193BA000197506 /* Sources */,
				15CE97061D193BA000197506 /* Frameworks */,
				15CE97071D193BA000197506 /* Resources */,
			);
			buildRules = (
			);
			dependencies = (
			);
			name = ShapeMask;
			productName = ShapeMask;
			productReference = 15CE97091D193BA000197506 /* ShapeMask.app */;
			productType = "com.apple.product-type.application";
		};
/* End PBXNativeTarget section */

/* Begin PBXProject section */
		15CE97011D193BA000197506 /* Project object */ = {
			isa = PBXProject;
			attributes = {
				LastSwiftUpdateCheck = 0720;
				LastUpgradeCheck = 0720;
				ORGANIZATIONNAME = Dariel;
				TargetAttributes = {
					15CE97081D193BA000197506 = {
						CreatedOnToolsVersion = 7.2.1;
					};
				};
			};
			buildConfigurationList = 15CE97041D193BA000197506 /* Build configuration list for PBXProject "ShapeMask" */;
			compatibilityVersion = "Xcode 3.2";
			developmentRegion = English;
			hasScannedForEncodings = 0;
			knownRegions = (
				en,
				Base,
			);
			mainGroup = 15CE97001D193BA000197506;
			productRefGroup = 15CE970A1D193BA000197506 /* Products */;
			projectDirPath = "";
			projectRoot = "";
			targets = (
				15CE97081D193BA000197506 /* ShapeMask */,
			);
		};
/* End PBXProject section */

/* Begin PBXResourcesBuildPhase section */
		15CE97071D193BA000197506 /* Resources */ = {
			isa = PBXResourcesBuildPhase;
			buildActionMask = 2147483647;
			files = (
				15CE97171D193BA000197506 /* LaunchScreen.storyboard in Resources */,
				15CE97141D193BA000197506 /* Assets.xcassets in Resources */,
				15CE97121D193BA000197506 /* Main.storyboard in Resources */,
			);
			runOnlyForDeploymentPostprocessing = 0;
		};
/* End PBXResourcesBuildPhase section */

/* Begin PBXSourcesBuildPhase section */
		15CE97051D193BA000197506 /* Sources */ = {
			isa = PBXSourcesBuildPhase;
			buildActionMask = 2147483647;
			files = (
				15CE970F1D193BA000197506 /* ViewController.swift in Sources */,
				15CE971F1D193BF300197506 /* AvatarView.swift in Sources */,
				15CE970D1D193BA000197506 /* AppDelegate.swift in Sources */,
			);
			runOnlyForDeploymentPostprocessing = 0;
		};
/* End PBXSourcesBuildPhase section */

/* Begin PBXVariantGroup section */
		15CE97101D193BA000197506 /* Main.storyboard */ = {
			isa = PBXVariantGroup;
			children = (
				15CE97111D193BA000197506 /* Base */,
			);
			name = Main.storyboard;
			sourceTree = "<group>";
		};
		15CE97151D193BA000197506 /* LaunchScreen.storyboard */ = {
			isa = PBXVariantGroup;
			children = (
				15CE97161D193BA000197506 /* Base */,
			);
			name = LaunchScreen.storyboard;
			sourceTree = "<group>";
		};
/* End PBXVariantGroup section */

/* Begin XCBuildConfiguration section */
		15CE97191D193BA000197506 /* Debug */ = {
			isa = XCBuildConfiguration;
			buildSettings = {
				ALWAYS_SEARCH_USER_PATHS = NO;
				CLANG_CXX_LANGUAGE_STANDARD = "gnu++0x";
				CLANG_CXX_LIBRARY = "libc++";
				CLANG_ENABLE_MODULES = YES;
				CLANG_ENABLE_OBJC_ARC = YES;
				CLANG_WARN_BOOL_CONVERSION = YES;
				CLANG_WARN_CONSTANT_CONVERSION = YES;
				CLANG_WARN_DIRECT_OBJC_ISA_USAGE = YES_ERROR;
				CLANG_WARN_EMPTY_BODY = YES;
				CLANG_WARN_ENUM_CONVERSION = YES;
				CLANG_WARN_INT_CONVERSION = YES;
				CLANG_WARN_OBJC_ROOT_CLASS = YES_ERROR;
				CLANG_WARN_UNREACHABLE_CODE = YES;
				CLANG_WARN__DUPLICATE_METHOD_MATCH = YES;
				"CODE_SIGN_IDENTITY[sdk=iphoneos*]" = "iPhone Developer";
				COPY_PHASE_STRIP = NO;
				DEBUG_INFORMATION_FORMAT = dwarf;
				ENABLE_STRICT_OBJC_MSGSEND = YES;
				ENABLE_TESTABILITY = YES;
				GCC_C_LANGUAGE_STANDARD = gnu99;
				GCC_DYNAMIC_NO_PIC = NO;
				GCC_NO_COMMON_BLOCKS = YES;
				GCC_OPTIMIZATION_LEVEL = 0;
				GCC_PREPROCESSOR_DEFINITIONS = (
					"DEBUG=1",
					"$(inherited)",
				);
				GCC_WARN_64_TO_32_BIT_CONVERSION = YES;
				GCC_WARN_ABOUT_RETURN_TYPE = YES_ERROR;
				GCC_WARN_UNDECLARED_SELECTOR = YES;
				GCC_WARN_UNINITIALIZED_AUTOS = YES_AGGRESSIVE;
				GCC_WARN_UNUSED_FUNCTION = YES;
				GCC_WARN_UNUSED_VARIABLE = YES;
				IPHONEOS_DEPLOYMENT_TARGET = 9.2;
				MTL_ENABLE_DEBUG_INFO = YES;
				ONLY_ACTIVE_ARCH = YES;
				SDKROOT = iphoneos;
				SWIFT_OPTIMIZATION_LEVEL = "-Onone";
			};
			name = Debug;
		};
		15CE971A1D193BA000197506 /* Release */ = {
			isa = XCBuildConfiguration;
			buildSettings = {
				ALWAYS_SEARCH_USER_PATHS = NO;
				CLANG_CXX_LANGUAGE_STANDARD = "gnu++0x";
				CLANG_CXX_LIBRARY = "libc++";
				CLANG_ENABLE_MODULES = YES;
				CLANG_ENABLE_OBJC_ARC = YES;
				CLANG_WARN_BOOL_CONVERSION = YES;
				CLANG_WARN_CONSTANT_CONVERSION = YES;
				CLANG_WARN_DIRECT_OBJC_ISA_USAGE = YES_ERROR;
				CLANG_WARN_EMPTY_BODY = YES;
				CLANG_WARN_ENUM_CONVERSION = YES;
				CLANG_WARN_INT_CONVERSION = YES;
				CLANG_WARN_OBJC_ROOT_CLASS = YES_ERROR;
				CLANG_WARN_UNREACHABLE_CODE = YES;
				CLANG_WARN__DUPLICATE_METHOD_MATCH = YES;
				"CODE_SIGN_IDENTITY[sdk=iphoneos*]" = "iPhone Developer";
				COPY_PHASE_STRIP = NO;
				DEBUG_INFORMATION_FORMAT = "dwarf-with-dsym";
				ENABLE_NS_ASSERTIONS = NO;
				ENABLE_STRICT_OBJC_MSGSEND = YES;
				GCC_C_LANGUAGE_STANDARD = gnu99;
				GCC_NO_COMMON_BLOCKS = YES;
				GCC_WARN_64_TO_32_BIT_CONVERSION = YES;
				GCC_WARN_ABOUT_RETURN_TYPE = YES_ERROR;
				GCC_WARN_UNDECLARED_SELECTOR = YES;
				GCC_WARN_UNINITIALIZED_AUTOS = YES_AGGRESSIVE;
				GCC_WARN_UNUSED_FUNCTION = YES;
				GCC_WARN_UNUSED_VARIABLE = YES;
				IPHONEOS_DEPLOYMENT_TARGET = 9.2;
				MTL_ENABLE_DEBUG_INFO = NO;
				SDKROOT = iphoneos;
				VALIDATE_PRODUCT = YES;
			};
			name = Release;
		};
		15CE971C1D193BA000197506 /* Debug */ = {
			isa = XCBuildConfiguration;
			buildSettings = {
				ASSETCATALOG_COMPILER_APPICON_NAME = AppIcon;
				INFOPLIST_FILE = ShapeMask/Info.plist;
				LD_RUNPATH_SEARCH_PATHS = "$(inherited) @executable_path/Frameworks";
				PRODUCT_BUNDLE_IDENTIFIER = io.github.DarielChen.ShapeMask;
				PRODUCT_NAME = "$(TARGET_NAME)";
			};
			name = Debug;
		};
		15CE971D1D193BA000197506 /* Release */ = {
			isa = XCBuildConfiguration;
			buildSettings = {
				ASSETCATALOG_COMPILER_APPICON_NAME = AppIcon;
				INFOPLIST_FILE = ShapeMask/Info.plist;
				LD_RUNPATH_SEARCH_PATHS = "$(inherited) @executable_path/Frameworks";
				PRODUCT_BUNDLE_IDENTIFIER = io.github.DarielChen.ShapeMask;
				PRODUCT_NAME = "$(TARGET_NAME)";
			};
			name = Release;
		};
/* End XCBuildConfiguration section */

/* Begin XCConfigurationList section */
		15CE97041D193BA000197506 /* Build configuration list for PBXProject "ShapeMask" */ = {
			isa = XCConfigurationList;
			buildConfigurations = (
				15CE97191D193BA000197506 /* Debug */,
				15CE971A1D193BA000197506 /* Release */,
			);
			defaultConfigurationIsVisible = 0;
			defaultConfigurationName = Release;
		};
		15CE971B1D193BA000197506 /* Build configuration list for PBXNativeTarget "ShapeMask" */ = {
			isa = XCConfigurationList;
			buildConfigurations = (
				15CE971C1D193BA000197506 /* Debug */,
				15CE971D1D193BA000197506 /* Release */,
			);
			defaultConfigurationIsVisible = 0;
		};
/* End XCConfigurationList section */
	};
	rootObject = 15CE97011D193BA000197506 /* Project object */;
}
