// !$*UTF8*$!
{
	archiveVersion = 1;
	classes = {
	};
	objectVersion = 46;
	objects = {

/* Begin PBXBuildFile section */
		15D6277F1D472D0800884B88 /* AppDelegate.swift in Sources */ = {isa = PBXBuildFile; fileRef = 15D6277E1D472D0800884B88 /* AppDelegate.swift */; };
		15D627811D472D0800884B88 /* ViewController.swift in Sources */ = {isa = PBXBuildFile; fileRef = 15D627801D472D0800884B88 /* ViewController.swift */; };
		15D627841D472D0800884B88 /* Main.storyboard in Resources */ = {isa = PBXBuildFile; fileRef = 15D627821D472D0800884B88 /* Main.storyboard */; };
		15D627861D472D0800884B88 /* Assets.xcassets in Resources */ = {isa = PBXBuildFile; fileRef = 15D627851D472D0800884B88 /* Assets.xcassets */; };
		15D627891D472D0800884B88 /* LaunchScreen.storyboard in Resources */ = {isa = PBXBuildFile; fileRef = 15D627871D472D0800884B88 /* LaunchScreen.storyboard */; };
		15D627911D472D5100884B88 /* DetailViewController.swift in Sources */ = {isa = PBXBuildFile; fileRef = 15D627901D472D5100884B88 /* DetailViewController.swift */; };
		15D627931D4739F800884B88 /* RWLogoLayer.swift in Sources */ = {isa = PBXBuildFile; fileRef = 15D627921D4739F800884B88 /* RWLogoLayer.swift */; };
		15D627951D473E8000884B88 /* RevealAnimator.swift in Sources */ = {isa = PBXBuildFile; fileRef = 15D627941D473E8000884B88 /* RevealAnimator.swift */; };
/* End PBXBuildFile section */

/* Begin PBXFileReference section */
		15D6277B1D472D0800884B88 /* reveal.app */ = {isa = PBXFileReference; explicitFileType = wrapper.application; includeInIndex = 0; path = reveal.app; sourceTree = BUILT_PRODUCTS_DIR; };
		15D6277E1D472D0800884B88 /* AppDelegate.swift */ = {isa = PBXFileReference; lastKnownFileType = sourcecode.swift; path = AppDelegate.swift; sourceTree = "<group>"; };
		15D627801D472D0800884B88 /* ViewController.swift */ = {isa = PBXFileReference; lastKnownFileType = sourcecode.swift; path = ViewController.swift; sourceTree = "<group>"; };
		15D627831D472D0800884B88 /* Base */ = {isa = PBXFileReference; lastKnownFileType = file.storyboard; name = Base; path = Base.lproj/Main.storyboard; sourceTree = "<group>"; };
		15D627851D472D0800884B88 /* Assets.xcassets */ = {isa = PBXFileReference; lastKnownFileType = folder.assetcatalog; path = Assets.xcassets; sourceTree = "<group>"; };
		15D627881D472D0800884B88 /* Base */ = {isa = PBXFileReference; lastKnownFileType = file.storyboard; name = Base; path = Base.lproj/LaunchScreen.storyboard; sourceTree = "<group>"; };
		15D6278A1D472D0800884B88 /* Info.plist */ = {isa = PBXFileReference; lastKnownFileType = text.plist.xml; path = Info.plist; sourceTree = "<group>"; };
		15D627901D472D5100884B88 /* DetailViewController.swift */ = {isa = PBXFileReference; fileEncoding = 4; lastKnownFileType = sourcecode.swift; path = DetailViewController.swift; sourceTree = "<group>"; };
		15D627921D4739F800884B88 /* RWLogoLayer.swift */ = {isa = PBXFileReference; fileEncoding = 4; lastKnownFileType = sourcecode.swift; path = RWLogoLayer.swift; sourceTree = "<group>"; };
		15D627941D473E8000884B88 /* RevealAnimator.swift */ = {isa = PBXFileReference; fileEncoding = 4; lastKnownFileType = sourcecode.swift; path = RevealAnimator.swift; sourceTree = "<group>"; };
/* End PBXFileReference section */

/* Begin PBXFrameworksBuildPhase section */
		15D627781D472D0800884B88 /* Frameworks */ = {
			isa = PBXFrameworksBuildPhase;
			buildActionMask = 2147483647;
			files = (
			);
			runOnlyForDeploymentPostprocessing = 0;
		};
/* End PBXFrameworksBuildPhase section */

/* Begin PBXGroup section */
		15D627721D472D0800884B88 = {
			isa = PBXGroup;
			children = (
				15D6277D1D472D0800884B88 /* reveal */,
				15D6277C1D472D0800884B88 /* Products */,
			);
			sourceTree = "<group>";
		};
		15D6277C1D472D0800884B88 /* Products */ = {
			isa = PBXGroup;
			children = (
				15D6277B1D472D0800884B88 /* reveal.app */,
			);
			name = Products;
			sourceTree = "<group>";
		};
		15D6277D1D472D0800884B88 /* reveal */ = {
			isa = PBXGroup;
			children = (
				15D6277E1D472D0800884B88 /* AppDelegate.swift */,
				15D627801D472D0800884B88 /* ViewController.swift */,
				15D627901D472D5100884B88 /* DetailViewController.swift */,
				15D627921D4739F800884B88 /* RWLogoLayer.swift */,
				15D627941D473E8000884B88 /* RevealAnimator.swift */,
				15D627821D472D0800884B88 /* Main.storyboard */,
				15D627851D472D0800884B88 /* Assets.xcassets */,
				15D627871D472D0800884B88 /* LaunchScreen.storyboard */,
				15D6278A1D472D0800884B88 /* Info.plist */,
			);
			path = reveal;
			sourceTree = "<group>";
		};
/* End PBXGroup section */

/* Begin PBXNativeTarget section */
		15D6277A1D472D0800884B88 /* reveal */ = {
			isa = PBXNativeTarget;
			buildConfigurationList = 15D6278D1D472D0800884B88 /* Build configuration list for PBXNativeTarget "reveal" */;
			buildPhases = (
				15D627771D472D0800884B88 /* Sources */,
				15D627781D472D0800884B88 /* Frameworks */,
				15D627791D472D0800884B88 /* Resources */,
			);
			buildRules = (
			);
			dependencies = (
			);
			name = reveal;
			productName = reveal;
			productReference = 15D6277B1D472D0800884B88 /* reveal.app */;
			productType = "com.apple.product-type.application";
		};
/* End PBXNativeTarget section */

/* Begin PBXProject section */
		15D627731D472D0800884B88 /* Project object */ = {
			isa = PBXProject;
			attributes = {
				LastSwiftUpdateCheck = 0720;
				LastUpgradeCheck = 0720;
				ORGANIZATIONNAME = Dariel;
				TargetAttributes = {
					15D6277A1D472D0800884B88 = {
						CreatedOnToolsVersion = 7.2.1;
					};
				};
			};
			buildConfigurationList = 15D627761D472D0800884B88 /* Build configuration list for PBXProject "reveal" */;
			compatibilityVersion = "Xcode 3.2";
			developmentRegion = English;
			hasScannedForEncodings = 0;
			knownRegions = (
				en,
				Base,
			);
			mainGroup = 15D627721D472D0800884B88;
			productRefGroup = 15D6277C1D472D0800884B88 /* Products */;
			projectDirPath = "";
			projectRoot = "";
			targets = (
				15D6277A1D472D0800884B88 /* reveal */,
			);
		};
/* End PBXProject section */

/* Begin PBXResourcesBuildPhase section */
		15D627791D472D0800884B88 /* Resources */ = {
			isa = PBXResourcesBuildPhase;
			buildActionMask = 2147483647;
			files = (
				15D627891D472D0800884B88 /* LaunchScreen.storyboard in Resources */,
				15D627861D472D0800884B88 /* Assets.xcassets in Resources */,
				15D627841D472D0800884B88 /* Main.storyboard in Resources */,
			);
			runOnlyForDeploymentPostprocessing = 0;
		};
/* End PBXResourcesBuildPhase section */

/* Begin PBXSourcesBuildPhase section */
		15D627771D472D0800884B88 /* Sources */ = {
			isa = PBXSourcesBuildPhase;
			buildActionMask = 2147483647;
			files = (
				15D627911D472D5100884B88 /* DetailViewController.swift in Sources */,
				15D627811D472D0800884B88 /* ViewController.swift in Sources */,
				15D6277F1D472D0800884B88 /* AppDelegate.swift in Sources */,
				15D627931D4739F800884B88 /* RWLogoLayer.swift in Sources */,
				15D627951D473E8000884B88 /* RevealAnimator.swift in Sources */,
			);
			runOnlyForDeploymentPostprocessing = 0;
		};
/* End PBXSourcesBuildPhase section */

/* Begin PBXVariantGroup section */
		15D627821D472D0800884B88 /* Main.storyboard */ = {
			isa = PBXVariantGroup;
			children = (
				15D627831D472D0800884B88 /* Base */,
			);
			name = Main.storyboard;
			sourceTree = "<group>";
		};
		15D627871D472D0800884B88 /* LaunchScreen.storyboard */ = {
			isa = PBXVariantGroup;
			children = (
				15D627881D472D0800884B88 /* Base */,
			);
			name = LaunchScreen.storyboard;
			sourceTree = "<group>";
		};
/* End PBXVariantGroup section */

/* Begin XCBuildConfiguration section */
		15D6278B1D472D0800884B88 /* Debug */ = {
			isa = XCBuildConfiguration;
			buildSettings = {
				ALWAYS_SEARCH_USER_PATHS = NO;
				CLANG_CXX_LANGUAGE_STANDARD = "gnu++0x";
				CLANG_CXX_LIBRARY = "libc++";
				CLANG_ENABLE_MODULES = YES;
				CLANG_ENABLE_OBJC_ARC = YES;
				CLANG_WARN_BOOL_CONVERSION = YES;
				CLANG_WARN_CONSTANT_CONVERSION = YES;
				CLANG_WARN_DIRECT_OBJC_ISA_USAGE = YES_ERROR;
				CLANG_WARN_EMPTY_BODY = YES;
				CLANG_WARN_ENUM_CONVERSION = YES;
				CLANG_WARN_INT_CONVERSION = YES;
				CLANG_WARN_OBJC_ROOT_CLASS = YES_ERROR;
				CLANG_WARN_UNREACHABLE_CODE = YES;
				CLANG_WARN__DUPLICATE_METHOD_MATCH = YES;
				"CODE_SIGN_IDENTITY[sdk=iphoneos*]" = "iPhone Developer";
				COPY_PHASE_STRIP = NO;
				DEBUG_INFORMATION_FORMAT = dwarf;
				ENABLE_STRICT_OBJC_MSGSEND = YES;
				ENABLE_TESTABILITY = YES;
				GCC_C_LANGUAGE_STANDARD = gnu99;
				GCC_DYNAMIC_NO_PIC = NO;
				GCC_NO_COMMON_BLOCKS = YES;
				GCC_OPTIMIZATION_LEVEL = 0;
				GCC_PREPROCESSOR_DEFINITIONS = (
					"DEBUG=1",
					"$(inherited)",
				);
				GCC_WARN_64_TO_32_BIT_CONVERSION = YES;
				GCC_WARN_ABOUT_RETURN_TYPE = YES_ERROR;
				GCC_WARN_UNDECLARED_SELECTOR = YES;
				GCC_WARN_UNINITIALIZED_AUTOS = YES_AGGRESSIVE;
				GCC_WARN_UNUSED_FUNCTION = YES;
				GCC_WARN_UNUSED_VARIABLE = YES;
				IPHONEOS_DEPLOYMENT_TARGET = 9.2;
				MTL_ENABLE_DEBUG_INFO = YES;
				ONLY_ACTIVE_ARCH = YES;
				SDKROOT = iphoneos;
				SWIFT_OPTIMIZATION_LEVEL = "-Onone";
			};
			name = Debug;
		};
		15D6278C1D472D0800884B88 /* Release */ = {
			isa = XCBuildConfiguration;
			buildSettings = {
				ALWAYS_SEARCH_USER_PATHS = NO;
				CLANG_CXX_LANGUAGE_STANDARD = "gnu++0x";
				CLANG_CXX_LIBRARY = "libc++";
				CLANG_ENABLE_MODULES = YES;
				CLANG_ENABLE_OBJC_ARC = YES;
				CLANG_WARN_BOOL_CONVERSION = YES;
				CLANG_WARN_CONSTANT_CONVERSION = YES;
				CLANG_WARN_DIRECT_OBJC_ISA_USAGE = YES_ERROR;
				CLANG_WARN_EMPTY_BODY = YES;
				CLANG_WARN_ENUM_CONVERSION = YES;
				CLANG_WARN_INT_CONVERSION = YES;
				CLANG_WARN_OBJC_ROOT_CLASS = YES_ERROR;
				CLANG_WARN_UNREACHABLE_CODE = YES;
				CLANG_WARN__DUPLICATE_METHOD_MATCH = YES;
				"CODE_SIGN_IDENTITY[sdk=iphoneos*]" = "iPhone Developer";
				COPY_PHASE_STRIP = NO;
				DEBUG_INFORMATION_FORMAT = "dwarf-with-dsym";
				ENABLE_NS_ASSERTIONS = NO;
				ENABLE_STRICT_OBJC_MSGSEND = YES;
				GCC_C_LANGUAGE_STANDARD = gnu99;
				GCC_NO_COMMON_BLOCKS = YES;
				GCC_WARN_64_TO_32_BIT_CONVERSION = YES;
				GCC_WARN_ABOUT_RETURN_TYPE = YES_ERROR;
				GCC_WARN_UNDECLARED_SELECTOR = YES;
				GCC_WARN_UNINITIALIZED_AUTOS = YES_AGGRESSIVE;
				GCC_WARN_UNUSED_FUNCTION = YES;
				GCC_WARN_UNUSED_VARIABLE = YES;
				IPHONEOS_DEPLOYMENT_TARGET = 9.2;
				MTL_ENABLE_DEBUG_INFO = NO;
				SDKROOT = iphoneos;
				VALIDATE_PRODUCT = YES;
			};
			name = Release;
		};
		15D6278E1D472D0800884B88 /* Debug */ = {
			isa = XCBuildConfiguration;
			buildSettings = {
				ASSETCATALOG_COMPILER_APPICON_NAME = AppIcon;
				INFOPLIST_FILE = reveal/Info.plist;
				LD_RUNPATH_SEARCH_PATHS = "$(inherited) @executable_path/Frameworks";
				PRODUCT_BUNDLE_IDENTIFIER = io.github.DarielChen.reveal;
				PRODUCT_NAME = "$(TARGET_NAME)";
			};
			name = Debug;
		};
		15D6278F1D472D0800884B88 /* Release */ = {
			isa = XCBuildConfiguration;
			buildSettings = {
				ASSETCATALOG_COMPILER_APPICON_NAME = AppIcon;
				INFOPLIST_FILE = reveal/Info.plist;
				LD_RUNPATH_SEARCH_PATHS = "$(inherited) @executable_path/Frameworks";
				PRODUCT_BUNDLE_IDENTIFIER = io.github.DarielChen.reveal;
				PRODUCT_NAME = "$(TARGET_NAME)";
			};
			name = Release;
		};
/* End XCBuildConfiguration section */

/* Begin XCConfigurationList section */
		15D627761D472D0800884B88 /* Build configuration list for PBXProject "reveal" */ = {
			isa = XCConfigurationList;
			buildConfigurations = (
				15D6278B1D472D0800884B88 /* Debug */,
				15D6278C1D472D0800884B88 /* Release */,
			);
			defaultConfigurationIsVisible = 0;
			defaultConfigurationName = Release;
		};
		15D6278D1D472D0800884B88 /* Build configuration list for PBXNativeTarget "reveal" */ = {
			isa = XCConfigurationList;
			buildConfigurations = (
				15D6278E1D472D0800884B88 /* Debug */,
				15D6278F1D472D0800884B88 /* Release */,
			);
			defaultConfigurationIsVisible = 0;
		};
/* End XCConfigurationList section */
	};
	rootObject = 15D627731D472D0800884B88 /* Project object */;
}
