// !$*UTF8*$!
{
	archiveVersion = 1;
	classes = {
	};
	objectVersion = 46;
	objects = {

/* Begin PBXBuildFile section */
		15162EE41D3286F00011E753 /* AppDelegate.swift in Sources */ = {isa = PBXBuildFile; fileRef = 15162EE31D3286F00011E753 /* AppDelegate.swift */; };
		15162EE61D3286F00011E753 /* MainViewController.swift in Sources */ = {isa = PBXBuildFile; fileRef = 15162EE51D3286F00011E753 /* MainViewController.swift */; };
		15162EEB1D3286F00011E753 /* Assets.xcassets in Resources */ = {isa = PBXBuildFile; fileRef = 15162EEA1D3286F00011E753 /* Assets.xcassets */; };
		15162EEE1D3286F00011E753 /* LaunchScreen.storyboard in Resources */ = {isa = PBXBuildFile; fileRef = 15162EEC1D3286F00011E753 /* LaunchScreen.storyboard */; };
		15162EF61D328A060011E753 /* SideMenuViewController.swift in Sources */ = {isa = PBXBuildFile; fileRef = 15162EF51D328A060011E753 /* SideMenuViewController.swift */; };
		15162EF81D328A710011E753 /* ContainerViewController.swift in Sources */ = {isa = PBXBuildFile; fileRef = 15162EF71D328A710011E753 /* ContainerViewController.swift */; };
		1527D3281D35D94D006BFA1C /* MenuButton.swift in Sources */ = {isa = PBXBuildFile; fileRef = 1527D3271D35D94D006BFA1C /* MenuButton.swift */; };
		1527D32A1D35E105006BFA1C /* MenuItem.swift in Sources */ = {isa = PBXBuildFile; fileRef = 1527D3291D35E105006BFA1C /* MenuItem.swift */; };
		1527D32C1D35E6F7006BFA1C /* MenuCell.swift in Sources */ = {isa = PBXBuildFile; fileRef = 1527D32B1D35E6F7006BFA1C /* MenuCell.swift */; };
/* End PBXBuildFile section */

/* Begin PBXFileReference section */
		15162EE01D3286F00011E753 /* SideMenu.app */ = {isa = PBXFileReference; explicitFileType = wrapper.application; includeInIndex = 0; path = SideMenu.app; sourceTree = BUILT_PRODUCTS_DIR; };
		15162EE31D3286F00011E753 /* AppDelegate.swift */ = {isa = PBXFileReference; lastKnownFileType = sourcecode.swift; path = AppDelegate.swift; sourceTree = "<group>"; };
		15162EE51D3286F00011E753 /* MainViewController.swift */ = {isa = PBXFileReference; lastKnownFileType = sourcecode.swift; path = MainViewController.swift; sourceTree = "<group>"; };
		15162EEA1D3286F00011E753 /* Assets.xcassets */ = {isa = PBXFileReference; lastKnownFileType = folder.assetcatalog; path = Assets.xcassets; sourceTree = "<group>"; };
		15162EED1D3286F00011E753 /* Base */ = {isa = PBXFileReference; lastKnownFileType = file.storyboard; name = Base; path = Base.lproj/LaunchScreen.storyboard; sourceTree = "<group>"; };
		15162EEF1D3286F00011E753 /* Info.plist */ = {isa = PBXFileReference; lastKnownFileType = text.plist.xml; path = Info.plist; sourceTree = "<group>"; };
		15162EF51D328A060011E753 /* SideMenuViewController.swift */ = {isa = PBXFileReference; fileEncoding = 4; lastKnownFileType = sourcecode.swift; path = SideMenuViewController.swift; sourceTree = "<group>"; };
		15162EF71D328A710011E753 /* ContainerViewController.swift */ = {isa = PBXFileReference; fileEncoding = 4; lastKnownFileType = sourcecode.swift; path = ContainerViewController.swift; sourceTree = "<group>"; };
		1527D3271D35D94D006BFA1C /* MenuButton.swift */ = {isa = PBXFileReference; fileEncoding = 4; lastKnownFileType = sourcecode.swift; path = MenuButton.swift; sourceTree = "<group>"; };
		1527D3291D35E105006BFA1C /* MenuItem.swift */ = {isa = PBXFileReference; fileEncoding = 4; lastKnownFileType = sourcecode.swift; path = MenuItem.swift; sourceTree = "<group>"; };
		1527D32B1D35E6F7006BFA1C /* MenuCell.swift */ = {isa = PBXFileReference; fileEncoding = 4; lastKnownFileType = sourcecode.swift; path = MenuCell.swift; sourceTree = "<group>"; };
/* End PBXFileReference section */

/* Begin PBXFrameworksBuildPhase section */
		15162EDD1D3286F00011E753 /* Frameworks */ = {
			isa = PBXFrameworksBuildPhase;
			buildActionMask = 2147483647;
			files = (
			);
			runOnlyForDeploymentPostprocessing = 0;
		};
/* End PBXFrameworksBuildPhase section */

/* Begin PBXGroup section */
		15162ED71D3286F00011E753 = {
			isa = PBXGroup;
			children = (
				15162EE21D3286F00011E753 /* SideMenu */,
				15162EE11D3286F00011E753 /* Products */,
			);
			sourceTree = "<group>";
		};
		15162EE11D3286F00011E753 /* Products */ = {
			isa = PBXGroup;
			children = (
				15162EE01D3286F00011E753 /* SideMenu.app */,
			);
			name = Products;
			sourceTree = "<group>";
		};
		15162EE21D3286F00011E753 /* SideMenu */ = {
			isa = PBXGroup;
			children = (
				15162EE31D3286F00011E753 /* AppDelegate.swift */,
				15162EE51D3286F00011E753 /* MainViewController.swift */,
				15162EF51D328A060011E753 /* SideMenuViewController.swift */,
				15162EF71D328A710011E753 /* ContainerViewController.swift */,
				1527D3271D35D94D006BFA1C /* MenuButton.swift */,
				1527D3291D35E105006BFA1C /* MenuItem.swift */,
				1527D32B1D35E6F7006BFA1C /* MenuCell.swift */,
				15162EEA1D3286F00011E753 /* Assets.xcassets */,
				15162EEC1D3286F00011E753 /* LaunchScreen.storyboard */,
				15162EEF1D3286F00011E753 /* Info.plist */,
			);
			path = SideMenu;
			sourceTree = "<group>";
		};
/* End PBXGroup section */

/* Begin PBXNativeTarget section */
		15162EDF1D3286F00011E753 /* SideMenu */ = {
			isa = PBXNativeTarget;
			buildConfigurationList = 15162EF21D3286F00011E753 /* Build configuration list for PBXNativeTarget "SideMenu" */;
			buildPhases = (
				15162EDC1D3286F00011E753 /* Sources */,
				15162EDD1D3286F00011E753 /* Frameworks */,
				15162EDE1D3286F00011E753 /* Resources */,
			);
			buildRules = (
			);
			dependencies = (
			);
			name = SideMenu;
			productName = SideMenu;
			productReference = 15162EE01D3286F00011E753 /* SideMenu.app */;
			productType = "com.apple.product-type.application";
		};
/* End PBXNativeTarget section */

/* Begin PBXProject section */
		15162ED81D3286F00011E753 /* Project object */ = {
			isa = PBXProject;
			attributes = {
				LastSwiftUpdateCheck = 0720;
				LastUpgradeCheck = 0720;
				ORGANIZATIONNAME = Dariel;
				TargetAttributes = {
					15162EDF1D3286F00011E753 = {
						CreatedOnToolsVersion = 7.2.1;
					};
				};
			};
			buildConfigurationList = 15162EDB1D3286F00011E753 /* Build configuration list for PBXProject "SideMenu" */;
			compatibilityVersion = "Xcode 3.2";
			developmentRegion = English;
			hasScannedForEncodings = 0;
			knownRegions = (
				en,
				Base,
			);
			mainGroup = 15162ED71D3286F00011E753;
			productRefGroup = 15162EE11D3286F00011E753 /* Products */;
			projectDirPath = "";
			projectRoot = "";
			targets = (
				15162EDF1D3286F00011E753 /* SideMenu */,
			);
		};
/* End PBXProject section */

/* Begin PBXResourcesBuildPhase section */
		15162EDE1D3286F00011E753 /* Resources */ = {
			isa = PBXResourcesBuildPhase;
			buildActionMask = 2147483647;
			files = (
				15162EEE1D3286F00011E753 /* LaunchScreen.storyboard in Resources */,
				15162EEB1D3286F00011E753 /* Assets.xcassets in Resources */,
			);
			runOnlyForDeploymentPostprocessing = 0;
		};
/* End PBXResourcesBuildPhase section */

/* Begin PBXSourcesBuildPhase section */
		15162EDC1D3286F00011E753 /* Sources */ = {
			isa = PBXSourcesBuildPhase;
			buildActionMask = 2147483647;
			files = (
				1527D32C1D35E6F7006BFA1C /* MenuCell.swift in Sources */,
				15162EE61D3286F00011E753 /* MainViewController.swift in Sources */,
				15162EF61D328A060011E753 /* SideMenuViewController.swift in Sources */,
				1527D3281D35D94D006BFA1C /* MenuButton.swift in Sources */,
				1527D32A1D35E105006BFA1C /* MenuItem.swift in Sources */,
				15162EF81D328A710011E753 /* ContainerViewController.swift in Sources */,
				15162EE41D3286F00011E753 /* AppDelegate.swift in Sources */,
			);
			runOnlyForDeploymentPostprocessing = 0;
		};
/* End PBXSourcesBuildPhase section */

/* Begin PBXVariantGroup section */
		15162EEC1D3286F00011E753 /* LaunchScreen.storyboard */ = {
			isa = PBXVariantGroup;
			children = (
				15162EED1D3286F00011E753 /* Base */,
			);
			name = LaunchScreen.storyboard;
			sourceTree = "<group>";
		};
/* End PBXVariantGroup section */

/* Begin XCBuildConfiguration section */
		15162EF01D3286F00011E753 /* Debug */ = {
			isa = XCBuildConfiguration;
			buildSettings = {
				ALWAYS_SEARCH_USER_PATHS = NO;
				CLANG_CXX_LANGUAGE_STANDARD = "gnu++0x";
				CLANG_CXX_LIBRARY = "libc++";
				CLANG_ENABLE_MODULES = YES;
				CLANG_ENABLE_OBJC_ARC = YES;
				CLANG_WARN_BOOL_CONVERSION = YES;
				CLANG_WARN_CONSTANT_CONVERSION = YES;
				CLANG_WARN_DIRECT_OBJC_ISA_USAGE = YES_ERROR;
				CLANG_WARN_EMPTY_BODY = YES;
				CLANG_WARN_ENUM_CONVERSION = YES;
				CLANG_WARN_INT_CONVERSION = YES;
				CLANG_WARN_OBJC_ROOT_CLASS = YES_ERROR;
				CLANG_WARN_UNREACHABLE_CODE = YES;
				CLANG_WARN__DUPLICATE_METHOD_MATCH = YES;
				"CODE_SIGN_IDENTITY[sdk=iphoneos*]" = "iPhone Developer";
				COPY_PHASE_STRIP = NO;
				DEBUG_INFORMATION_FORMAT = dwarf;
				ENABLE_STRICT_OBJC_MSGSEND = YES;
				ENABLE_TESTABILITY = YES;
				GCC_C_LANGUAGE_STANDARD = gnu99;
				GCC_DYNAMIC_NO_PIC = NO;
				GCC_NO_COMMON_BLOCKS = YES;
				GCC_OPTIMIZATION_LEVEL = 0;
				GCC_PREPROCESSOR_DEFINITIONS = (
					"DEBUG=1",
					"$(inherited)",
				);
				GCC_WARN_64_TO_32_BIT_CONVERSION = YES;
				GCC_WARN_ABOUT_RETURN_TYPE = YES_ERROR;
				GCC_WARN_UNDECLARED_SELECTOR = YES;
				GCC_WARN_UNINITIALIZED_AUTOS = YES_AGGRESSIVE;
				GCC_WARN_UNUSED_FUNCTION = YES;
				GCC_WARN_UNUSED_VARIABLE = YES;
				IPHONEOS_DEPLOYMENT_TARGET = 9.2;
				MTL_ENABLE_DEBUG_INFO = YES;
				ONLY_ACTIVE_ARCH = YES;
				SDKROOT = iphoneos;
				SWIFT_OPTIMIZATION_LEVEL = "-Onone";
			};
			name = Debug;
		};
		15162EF11D3286F00011E753 /* Release */ = {
			isa = XCBuildConfiguration;
			buildSettings = {
				ALWAYS_SEARCH_USER_PATHS = NO;
				CLANG_CXX_LANGUAGE_STANDARD = "gnu++0x";
				CLANG_CXX_LIBRARY = "libc++";
				CLANG_ENABLE_MODULES = YES;
				CLANG_ENABLE_OBJC_ARC = YES;
				CLANG_WARN_BOOL_CONVERSION = YES;
				CLANG_WARN_CONSTANT_CONVERSION = YES;
				CLANG_WARN_DIRECT_OBJC_ISA_USAGE = YES_ERROR;
				CLANG_WARN_EMPTY_BODY = YES;
				CLANG_WARN_ENUM_CONVERSION = YES;
				CLANG_WARN_INT_CONVERSION = YES;
				CLANG_WARN_OBJC_ROOT_CLASS = YES_ERROR;
				CLANG_WARN_UNREACHABLE_CODE = YES;
				CLANG_WARN__DUPLICATE_METHOD_MATCH = YES;
				"CODE_SIGN_IDENTITY[sdk=iphoneos*]" = "iPhone Developer";
				COPY_PHASE_STRIP = NO;
				DEBUG_INFORMATION_FORMAT = "dwarf-with-dsym";
				ENABLE_NS_ASSERTIONS = NO;
				ENABLE_STRICT_OBJC_MSGSEND = YES;
				GCC_C_LANGUAGE_STANDARD = gnu99;
				GCC_NO_COMMON_BLOCKS = YES;
				GCC_WARN_64_TO_32_BIT_CONVERSION = YES;
				GCC_WARN_ABOUT_RETURN_TYPE = YES_ERROR;
				GCC_WARN_UNDECLARED_SELECTOR = YES;
				GCC_WARN_UNINITIALIZED_AUTOS = YES_AGGRESSIVE;
				GCC_WARN_UNUSED_FUNCTION = YES;
				GCC_WARN_UNUSED_VARIABLE = YES;
				IPHONEOS_DEPLOYMENT_TARGET = 9.2;
				MTL_ENABLE_DEBUG_INFO = NO;
				SDKROOT = iphoneos;
				VALIDATE_PRODUCT = YES;
			};
			name = Release;
		};
		15162EF31D3286F00011E753 /* Debug */ = {
			isa = XCBuildConfiguration;
			buildSettings = {
				ASSETCATALOG_COMPILER_APPICON_NAME = AppIcon;
				INFOPLIST_FILE = SideMenu/Info.plist;
				LD_RUNPATH_SEARCH_PATHS = "$(inherited) @executable_path/Frameworks";
				PRODUCT_BUNDLE_IDENTIFIER = io.github.DarielChen.SideMenu;
				PRODUCT_NAME = "$(TARGET_NAME)";
			};
			name = Debug;
		};
		15162EF41D3286F00011E753 /* Release */ = {
			isa = XCBuildConfiguration;
			buildSettings = {
				ASSETCATALOG_COMPILER_APPICON_NAME = AppIcon;
				INFOPLIST_FILE = SideMenu/Info.plist;
				LD_RUNPATH_SEARCH_PATHS = "$(inherited) @executable_path/Frameworks";
				PRODUCT_BUNDLE_IDENTIFIER = io.github.DarielChen.SideMenu;
				PRODUCT_NAME = "$(TARGET_NAME)";
			};
			name = Release;
		};
/* End XCBuildConfiguration section */

/* Begin XCConfigurationList section */
		15162EDB1D3286F00011E753 /* Build configuration list for PBXProject "SideMenu" */ = {
			isa = XCConfigurationList;
			buildConfigurations = (
				15162EF01D3286F00011E753 /* Debug */,
				15162EF11D3286F00011E753 /* Release */,
			);
			defaultConfigurationIsVisible = 0;
			defaultConfigurationName = Release;
		};
		15162EF21D3286F00011E753 /* Build configuration list for PBXNativeTarget "SideMenu" */ = {
			isa = XCConfigurationList;
			buildConfigurations = (
				15162EF31D3286F00011E753 /* Debug */,
				15162EF41D3286F00011E753 /* Release */,
			);
			defaultConfigurationIsVisible = 0;
			defaultConfigurationName = Release;
		};
/* End XCConfigurationList section */
	};
	rootObject = 15162ED81D3286F00011E753 /* Project object */;
}
