// !$*UTF8*$!
{
	archiveVersion = 1;
	classes = {
	};
	objectVersion = 46;
	objects = {

/* Begin PBXBuildFile section */
		1527B4711D51F65600340A92 /* AppDelegate.swift in Sources */ = {isa = PBXBuildFile; fileRef = 1527B4701D51F65600340A92 /* AppDelegate.swift */; };
		1527B4731D51F65600340A92 /* ViewController.swift in Sources */ = {isa = PBXBuildFile; fileRef = 1527B4721D51F65600340A92 /* ViewController.swift */; };
		1527B4761D51F65600340A92 /* Main.storyboard in Resources */ = {isa = PBXBuildFile; fileRef = 1527B4741D51F65600340A92 /* Main.storyboard */; };
		1527B4791D51F65600340A92 /* AddCell.xcdatamodeld in Sources */ = {isa = PBXBuildFile; fileRef = 1527B4771D51F65600340A92 /* AddCell.xcdatamodeld */; };
		1527B47B1D51F65600340A92 /* Assets.xcassets in Resources */ = {isa = PBXBuildFile; fileRef = 1527B47A1D51F65600340A92 /* Assets.xcassets */; };
		1527B47E1D51F65600340A92 /* LaunchScreen.storyboard in Resources */ = {isa = PBXBuildFile; fileRef = 1527B47C1D51F65600340A92 /* LaunchScreen.storyboard */; };
/* End PBXBuildFile section */

/* Begin PBXFileReference section */
		1527B46D1D51F65600340A92 /* AddCell.app */ = {isa = PBXFileReference; explicitFileType = wrapper.application; includeInIndex = 0; path = AddCell.app; sourceTree = BUILT_PRODUCTS_DIR; };
		1527B4701D51F65600340A92 /* AppDelegate.swift */ = {isa = PBXFileReference; lastKnownFileType = sourcecode.swift; path = AppDelegate.swift; sourceTree = "<group>"; };
		1527B4721D51F65600340A92 /* ViewController.swift */ = {isa = PBXFileReference; lastKnownFileType = sourcecode.swift; path = ViewController.swift; sourceTree = "<group>"; };
		1527B4751D51F65600340A92 /* Base */ = {isa = PBXFileReference; lastKnownFileType = file.storyboard; name = Base; path = Base.lproj/Main.storyboard; sourceTree = "<group>"; };
		1527B4781D51F65600340A92 /* AddCell.xcdatamodel */ = {isa = PBXFileReference; lastKnownFileType = wrapper.xcdatamodel; path = AddCell.xcdatamodel; sourceTree = "<group>"; };
		1527B47A1D51F65600340A92 /* Assets.xcassets */ = {isa = PBXFileReference; lastKnownFileType = folder.assetcatalog; path = Assets.xcassets; sourceTree = "<group>"; };
		1527B47D1D51F65600340A92 /* Base */ = {isa = PBXFileReference; lastKnownFileType = file.storyboard; name = Base; path = Base.lproj/LaunchScreen.storyboard; sourceTree = "<group>"; };
		1527B47F1D51F65600340A92 /* Info.plist */ = {isa = PBXFileReference; lastKnownFileType = text.plist.xml; path = Info.plist; sourceTree = "<group>"; };
/* End PBXFileReference section */

/* Begin PBXFrameworksBuildPhase section */
		1527B46A1D51F65600340A92 /* Frameworks */ = {
			isa = PBXFrameworksBuildPhase;
			buildActionMask = 2147483647;
			files = (
			);
			runOnlyForDeploymentPostprocessing = 0;
		};
/* End PBXFrameworksBuildPhase section */

/* Begin PBXGroup section */
		1527B4641D51F65600340A92 = {
			isa = PBXGroup;
			children = (
				1527B46F1D51F65600340A92 /* AddCell */,
				1527B46E1D51F65600340A92 /* Products */,
			);
			sourceTree = "<group>";
		};
		1527B46E1D51F65600340A92 /* Products */ = {
			isa = PBXGroup;
			children = (
				1527B46D1D51F65600340A92 /* AddCell.app */,
			);
			name = Products;
			sourceTree = "<group>";
		};
		1527B46F1D51F65600340A92 /* AddCell */ = {
			isa = PBXGroup;
			children = (
				1527B4701D51F65600340A92 /* AppDelegate.swift */,
				1527B4721D51F65600340A92 /* ViewController.swift */,
				1527B4741D51F65600340A92 /* Main.storyboard */,
				1527B47A1D51F65600340A92 /* Assets.xcassets */,
				1527B47C1D51F65600340A92 /* LaunchScreen.storyboard */,
				1527B47F1D51F65600340A92 /* Info.plist */,
				1527B4771D51F65600340A92 /* AddCell.xcdatamodeld */,
			);
			path = AddCell;
			sourceTree = "<group>";
		};
/* End PBXGroup section */

/* Begin PBXNativeTarget section */
		1527B46C1D51F65600340A92 /* AddCell */ = {
			isa = PBXNativeTarget;
			buildConfigurationList = 1527B4821D51F65600340A92 /* Build configuration list for PBXNativeTarget "AddCell" */;
			buildPhases = (
				1527B4691D51F65600340A92 /* Sources */,
				1527B46A1D51F65600340A92 /* Frameworks */,
				1527B46B1D51F65600340A92 /* Resources */,
			);
			buildRules = (
			);
			dependencies = (
			);
			name = AddCell;
			productName = AddCell;
			productReference = 1527B46D1D51F65600340A92 /* AddCell.app */;
			productType = "com.apple.product-type.application";
		};
/* End PBXNativeTarget section */

/* Begin PBXProject section */
		1527B4651D51F65600340A92 /* Project object */ = {
			isa = PBXProject;
			attributes = {
				LastSwiftUpdateCheck = 0720;
				LastUpgradeCheck = 0720;
				ORGANIZATIONNAME = Dariel;
				TargetAttributes = {
					1527B46C1D51F65600340A92 = {
						CreatedOnToolsVersion = 7.2.1;
					};
				};
			};
			buildConfigurationList = 1527B4681D51F65600340A92 /* Build configuration list for PBXProject "AddCell" */;
			compatibilityVersion = "Xcode 3.2";
			developmentRegion = English;
			hasScannedForEncodings = 0;
			knownRegions = (
				en,
				Base,
			);
			mainGroup = 1527B4641D51F65600340A92;
			productRefGroup = 1527B46E1D51F65600340A92 /* Products */;
			projectDirPath = "";
			projectRoot = "";
			targets = (
				1527B46C1D51F65600340A92 /* AddCell */,
			);
		};
/* End PBXProject section */

/* Begin PBXResourcesBuildPhase section */
		1527B46B1D51F65600340A92 /* Resources */ = {
			isa = PBXResourcesBuildPhase;
			buildActionMask = 2147483647;
			files = (
				1527B47E1D51F65600340A92 /* LaunchScreen.storyboard in Resources */,
				1527B47B1D51F65600340A92 /* Assets.xcassets in Resources */,
				1527B4761D51F65600340A92 /* Main.storyboard in Resources */,
			);
			runOnlyForDeploymentPostprocessing = 0;
		};
/* End PBXResourcesBuildPhase section */

/* Begin PBXSourcesBuildPhase section */
		1527B4691D51F65600340A92 /* Sources */ = {
			isa = PBXSourcesBuildPhase;
			buildActionMask = 2147483647;
			files = (
				1527B4731D51F65600340A92 /* ViewController.swift in Sources */,
				1527B4711D51F65600340A92 /* AppDelegate.swift in Sources */,
				1527B4791D51F65600340A92 /* AddCell.xcdatamodeld in Sources */,
			);
			runOnlyForDeploymentPostprocessing = 0;
		};
/* End PBXSourcesBuildPhase section */

/* Begin PBXVariantGroup section */
		1527B4741D51F65600340A92 /* Main.storyboard */ = {
			isa = PBXVariantGroup;
			children = (
				1527B4751D51F65600340A92 /* Base */,
			);
			name = Main.storyboard;
			sourceTree = "<group>";
		};
		1527B47C1D51F65600340A92 /* LaunchScreen.storyboard */ = {
			isa = PBXVariantGroup;
			children = (
				1527B47D1D51F65600340A92 /* Base */,
			);
			name = LaunchScreen.storyboard;
			sourceTree = "<group>";
		};
/* End PBXVariantGroup section */

/* Begin XCBuildConfiguration section */
		1527B4801D51F65600340A92 /* Debug */ = {
			isa = XCBuildConfiguration;
			buildSettings = {
				ALWAYS_SEARCH_USER_PATHS = NO;
				CLANG_CXX_LANGUAGE_STANDARD = "gnu++0x";
				CLANG_CXX_LIBRARY = "libc++";
				CLANG_ENABLE_MODULES = YES;
				CLANG_ENABLE_OBJC_ARC = YES;
				CLANG_WARN_BOOL_CONVERSION = YES;
				CLANG_WARN_CONSTANT_CONVERSION = YES;
				CLANG_WARN_DIRECT_OBJC_ISA_USAGE = YES_ERROR;
				CLANG_WARN_EMPTY_BODY = YES;
				CLANG_WARN_ENUM_CONVERSION = YES;
				CLANG_WARN_INT_CONVERSION = YES;
				CLANG_WARN_OBJC_ROOT_CLASS = YES_ERROR;
				CLANG_WARN_UNREACHABLE_CODE = YES;
				CLANG_WARN__DUPLICATE_METHOD_MATCH = YES;
				"CODE_SIGN_IDENTITY[sdk=iphoneos*]" = "iPhone Developer";
				COPY_PHASE_STRIP = NO;
				DEBUG_INFORMATION_FORMAT = dwarf;
				ENABLE_STRICT_OBJC_MSGSEND = YES;
				ENABLE_TESTABILITY = YES;
				GCC_C_LANGUAGE_STANDARD = gnu99;
				GCC_DYNAMIC_NO_PIC = NO;
				GCC_NO_COMMON_BLOCKS = YES;
				GCC_OPTIMIZATION_LEVEL = 0;
				GCC_PREPROCESSOR_DEFINITIONS = (
					"DEBUG=1",
					"$(inherited)",
				);
				GCC_WARN_64_TO_32_BIT_CONVERSION = YES;
				GCC_WARN_ABOUT_RETURN_TYPE = YES_ERROR;
				GCC_WARN_UNDECLARED_SELECTOR = YES;
				GCC_WARN_UNINITIALIZED_AUTOS = YES_AGGRESSIVE;
				GCC_WARN_UNUSED_FUNCTION = YES;
				GCC_WARN_UNUSED_VARIABLE = YES;
				IPHONEOS_DEPLOYMENT_TARGET = 9.2;
				MTL_ENABLE_DEBUG_INFO = YES;
				ONLY_ACTIVE_ARCH = YES;
				SDKROOT = iphoneos;
				SWIFT_OPTIMIZATION_LEVEL = "-Onone";
			};
			name = Debug;
		};
		1527B4811D51F65600340A92 /* Release */ = {
			isa = XCBuildConfiguration;
			buildSettings = {
				ALWAYS_SEARCH_USER_PATHS = NO;
				CLANG_CXX_LANGUAGE_STANDARD = "gnu++0x";
				CLANG_CXX_LIBRARY = "libc++";
				CLANG_ENABLE_MODULES = YES;
				CLANG_ENABLE_OBJC_ARC = YES;
				CLANG_WARN_BOOL_CONVERSION = YES;
				CLANG_WARN_CONSTANT_CONVERSION = YES;
				CLANG_WARN_DIRECT_OBJC_ISA_USAGE = YES_ERROR;
				CLANG_WARN_EMPTY_BODY = YES;
				CLANG_WARN_ENUM_CONVERSION = YES;
				CLANG_WARN_INT_CONVERSION = YES;
				CLANG_WARN_OBJC_ROOT_CLASS = YES_ERROR;
				CLANG_WARN_UNREACHABLE_CODE = YES;
				CLANG_WARN__DUPLICATE_METHOD_MATCH = YES;
				"CODE_SIGN_IDENTITY[sdk=iphoneos*]" = "iPhone Developer";
				COPY_PHASE_STRIP = NO;
				DEBUG_INFORMATION_FORMAT = "dwarf-with-dsym";
				ENABLE_NS_ASSERTIONS = NO;
				ENABLE_STRICT_OBJC_MSGSEND = YES;
				GCC_C_LANGUAGE_STANDARD = gnu99;
				GCC_NO_COMMON_BLOCKS = YES;
				GCC_WARN_64_TO_32_BIT_CONVERSION = YES;
				GCC_WARN_ABOUT_RETURN_TYPE = YES_ERROR;
				GCC_WARN_UNDECLARED_SELECTOR = YES;
				GCC_WARN_UNINITIALIZED_AUTOS = YES_AGGRESSIVE;
				GCC_WARN_UNUSED_FUNCTION = YES;
				GCC_WARN_UNUSED_VARIABLE = YES;
				IPHONEOS_DEPLOYMENT_TARGET = 9.2;
				MTL_ENABLE_DEBUG_INFO = NO;
				SDKROOT = iphoneos;
				VALIDATE_PRODUCT = YES;
			};
			name = Release;
		};
		1527B4831D51F65600340A92 /* Debug */ = {
			isa = XCBuildConfiguration;
			buildSettings = {
				ASSETCATALOG_COMPILER_APPICON_NAME = AppIcon;
				INFOPLIST_FILE = AddCell/Info.plist;
				LD_RUNPATH_SEARCH_PATHS = "$(inherited) @executable_path/Frameworks";
				PRODUCT_BUNDLE_IDENTIFIER = io.github.DarielChen.AddCell;
				PRODUCT_NAME = "$(TARGET_NAME)";
			};
			name = Debug;
		};
		1527B4841D51F65600340A92 /* Release */ = {
			isa = XCBuildConfiguration;
			buildSettings = {
				ASSETCATALOG_COMPILER_APPICON_NAME = AppIcon;
				INFOPLIST_FILE = AddCell/Info.plist;
				LD_RUNPATH_SEARCH_PATHS = "$(inherited) @executable_path/Frameworks";
				PRODUCT_BUNDLE_IDENTIFIER = io.github.DarielChen.AddCell;
				PRODUCT_NAME = "$(TARGET_NAME)";
			};
			name = Release;
		};
/* End XCBuildConfiguration section */

/* Begin XCConfigurationList section */
		1527B4681D51F65600340A92 /* Build configuration list for PBXProject "AddCell" */ = {
			isa = XCConfigurationList;
			buildConfigurations = (
				1527B4801D51F65600340A92 /* Debug */,
				1527B4811D51F65600340A92 /* Release */,
			);
			defaultConfigurationIsVisible = 0;
			defaultConfigurationName = Release;
		};
		1527B4821D51F65600340A92 /* Build configuration list for PBXNativeTarget "AddCell" */ = {
			isa = XCConfigurationList;
			buildConfigurations = (
				1527B4831D51F65600340A92 /* Debug */,
				1527B4841D51F65600340A92 /* Release */,
			);
			defaultConfigurationIsVisible = 0;
		};
/* End XCConfigurationList section */

/* Begin XCVersionGroup section */
		1527B4771D51F65600340A92 /* AddCell.xcdatamodeld */ = {
			isa = XCVersionGroup;
			children = (
				1527B4781D51F65600340A92 /* AddCell.xcdatamodel */,
			);
			currentVersion = 1527B4781D51F65600340A92 /* AddCell.xcdatamodel */;
			path = AddCell.xcdatamodeld;
			sourceTree = "<group>";
			versionGroupType = wrapper.xcdatamodel;
		};
/* End XCVersionGroup section */
	};
	rootObject = 1527B4651D51F65600340A92 /* Project object */;
}
